
Microsoft Visual Studio Solution File, Format Version 12.00
# Visual Studio Version 17
VisualStudioVersion = 17.3.32825.248
MinimumVisualStudioVersion = 10.0.40219.1
Project("{FAE04EC0-301F-11D3-BF4B-00C04F79EFBC}") = "DZ3", "DZ3\DZ3.csproj", "{57C5EC79-0F11-4494-9965-6F268346A594}"
EndProject
Project("{FAE04EC0-301F-11D3-BF4B-00C04F79EFBC}") = "Tumakov", "Tumakov\Tumakov.csproj", "{52E1BEAA-4039-4967-93B2-B675EA15C011}"
EndProject
Global
	GlobalSection(SolutionConfigurationPlatforms) = preSolution
		Debug|Any CPU = Debug|Any CPU
		Release|Any CPU = Release|Any CPU
	EndGlobalSection
	GlobalSection(ProjectConfigurationPlatforms) = postSolution
		{57C5EC79-0F11-4494-9965-6F268346A594}.Debug|Any CPU.ActiveCfg = Debug|Any CPU
		{57C5EC79-0F11-4494-9965-6F268346A594}.Debug|Any CPU.Build.0 = Debug|Any CPU
		{57C5EC79-0F11-4494-9965-6F268346A594}.Release|Any CPU.ActiveCfg = Release|Any CPU
		{57C5EC79-0F11-4494-9965-6F268346A594}.Release|Any CPU.Build.0 = Release|Any CPU
		{52E1BEAA-4039-4967-93B2-B675EA15C011}.Debug|Any CPU.ActiveCfg = Debug|Any CPU
		{52E1BEAA-4039-4967-93B2-B675EA15C011}.Debug|Any CPU.Build.0 = Debug|Any CPU
		{52E1BEAA-4039-4967-93B2-B675EA15C011}.Release|Any CPU.ActiveCfg = Release|Any CPU
		{52E1BEAA-4039-4967-93B2-B675EA15C011}.Release|Any CPU.Build.0 = Release|Any CPU
	EndGlobalSection
	GlobalSection(SolutionProperties) = preSolution
		HideSolutionNode = FALSE
	EndGlobalSection
	GlobalSection(ExtensibilityGlobals) = postSolution
		SolutionGuid = {ACC0193F-269C-4E2C-A671-66DD399FC659}
	EndGlobalSection
EndGlobal
